{
  "version": 4,
  "terraform_version": "1.5.1",
  "serial": 54,
  "lineage": "be415bd7-4273-b61b-e5b9-a29d43e579e4",
  "outputs": {},
  "resources": [
    {
      "mode": "managed",
      "type": "aws_cognito_user_pool",
      "name": "user_pool",
      "provider": "provider[\"registry.terraform.io/hashicorp/aws\"]",
      "instances": [
        {
          "schema_version": 0,
          "attributes": {
            "account_recovery_setting": [
              {
                "recovery_mechanism": [
                  {
                    "name": "verified_email",
                    "priority": 1
                  },
                  {
                    "name": "verified_phone_number",
                    "priority": 2
                  }
                ]
              }
            ],
            "admin_create_user_config": [
              {
                "allow_admin_create_user_only": false,
                "invite_message_template": []
              }
            ],
            "alias_attributes": null,
            "arn": "arn:aws:cognito-idp:eu-north-1:164980749225:userpool/eu-north-1_bvyhsOaQo",
            "auto_verified_attributes": [
              "email"
            ],
            "creation_date": "2023-07-19T13:54:20Z",
            "custom_domain": "",
            "deletion_protection": "INACTIVE",
            "device_configuration": [],
            "domain": "commit-project1",
            "email_configuration": [
              {
                "configuration_set": "",
                "email_sending_account": "COGNITO_DEFAULT",
                "from_email_address": "",
                "reply_to_email_address": "",
                "source_arn": ""
              }
            ],
            "email_verification_message": "Your confirmation code is {####}",
            "email_verification_subject": "Account Confirmation",
            "endpoint": "cognito-idp.eu-north-1.amazonaws.com/eu-north-1_bvyhsOaQo",
            "estimated_number_of_users": 0,
            "id": "eu-north-1_bvyhsOaQo",
            "lambda_config": [],
            "last_modified_date": "2023-07-19T13:56:38Z",
            "mfa_configuration": "OFF",
            "name": "user-pool",
            "password_policy": [
              {
                "minimum_length": 6,
                "require_lowercase": false,
                "require_numbers": false,
                "require_symbols": false,
                "require_uppercase": false,
                "temporary_password_validity_days": 30
              }
            ],
            "schema": [
              {
                "attribute_data_type": "String",
                "developer_only_attribute": false,
                "mutable": true,
                "name": "email",
                "number_attribute_constraints": [],
                "required": true,
                "string_attribute_constraints": [
                  {
                    "max_length": "256",
                    "min_length": "1"
                  }
                ]
              }
            ],
            "sms_authentication_message": "",
            "sms_configuration": [],
            "sms_verification_message": "",
            "software_token_mfa_configuration": [],
            "tags": {},
            "tags_all": {},
            "user_attribute_update_settings": [],
            "user_pool_add_ons": [],
            "username_attributes": [],
            "username_configuration": [],
            "verification_message_template": [
              {
                "default_email_option": "CONFIRM_WITH_CODE",
                "email_message": "Your confirmation code is {####}",
                "email_message_by_link": "",
                "email_subject": "Account Confirmation",
                "email_subject_by_link": "",
                "sms_message": ""
              }
            ]
          },
          "sensitive_attributes": [],
          "private": "bnVsbA=="
        }
      ]
    },
    {
      "mode": "managed",
      "type": "aws_cognito_user_pool_client",
      "name": "client",
      "provider": "provider[\"registry.terraform.io/hashicorp/aws\"]",
      "instances": [
        {
          "schema_version": 0,
          "attributes": {
            "access_token_validity": 0,
            "allowed_oauth_flows": [
              "code"
            ],
            "allowed_oauth_flows_user_pool_client": true,
            "allowed_oauth_scopes": [
              "aws.cognito.signin.user.admin",
              "email",
              "openid",
              "phone",
              "profile"
            ],
            "analytics_configuration": [],
            "auth_session_validity": 3,
            "callback_urls": [
              "https://example.com/callback.html"
            ],
            "client_secret": "",
            "default_redirect_uri": "",
            "enable_propagate_additional_user_context_data": false,
            "enable_token_revocation": true,
            "explicit_auth_flows": [
              "ALLOW_ADMIN_USER_PASSWORD_AUTH",
              "ALLOW_CUSTOM_AUTH",
              "ALLOW_REFRESH_TOKEN_AUTH",
              "ALLOW_USER_PASSWORD_AUTH",
              "ALLOW_USER_SRP_AUTH"
            ],
            "generate_secret": false,
            "id": "6p6n06pfh7npp1mvqrnmrr6otj",
            "id_token_validity": 0,
            "logout_urls": [],
            "name": "commit-project",
            "prevent_user_existence_errors": "ENABLED",
            "read_attributes": [],
            "refresh_token_validity": 90,
            "supported_identity_providers": [
              "COGNITO"
            ],
            "token_validity_units": [],
            "user_pool_id": "eu-north-1_bvyhsOaQo",
            "write_attributes": []
          },
          "sensitive_attributes": [],
          "dependencies": [
            "aws_cognito_user_pool.user_pool"
          ]
        }
      ]
    },
    {
      "mode": "managed",
      "type": "aws_cognito_user_pool_domain",
      "name": "cognito-domain",
      "provider": "provider[\"registry.terraform.io/hashicorp/aws\"]",
      "instances": [
        {
          "schema_version": 0,
          "attributes": {
            "aws_account_id": "164980749225",
            "certificate_arn": "",
            "cloudfront_distribution": "d28r1p267zi0bu.cloudfront.net",
            "cloudfront_distribution_arn": "d28r1p267zi0bu.cloudfront.net",
            "cloudfront_distribution_zone_id": "Z2FDTNDATAQYW2",
            "domain": "commit-project1",
            "id": "commit-project1",
            "s3_bucket": "aws-cognito-prod-arn-assets",
            "user_pool_id": "eu-north-1_bvyhsOaQo",
            "version": "20230719135422"
          },
          "sensitive_attributes": [],
          "private": "bnVsbA==",
          "dependencies": [
            "aws_cognito_user_pool.user_pool"
          ]
        }
      ]
    }
  ],
  "check_results": null
}
